<?xml version="1.0" encoding="UTF-8"?>
<EnviarLoteRpsEnvio xmlns="http://www.sped.fazenda.gov.br/nfse" versao="1.00">
  <LoteRps Id="Lote1" Cnpj="12345678000195" InscricaoMunicipal="12345" QuantidadeRps="1">
    <ListaRps>
      <Rps>
        <InfRps Id="RPS1">
          <IdentificacaoRps>
            <Numero>1</Numero>
            <Serie>UNICA</Serie>
            <Tipo>1</Tipo>
          </IdentificacaoRps>
          <DataEmissao>2025-09-30T19:00:00</DataEmissao>
          <NaturezaOperacao>1</NaturezaOperacao>
          <RegimeEspecialTributacao>1</RegimeEspecialTributacao>
          <OptanteSimplesNacional>1</OptanteSimplesNacional>
          <Status>1</Status>
          <Servico>
            <Valores>
              <ValorServicos>150.00</ValorServicos>
              <IssRetido>2</IssRetido>
            </Valores>
            <ItemListaServico>0107</ItemListaServico>
            <CodigoCnae>6201500</CodigoCnae>
            <CodigoTributacaoMunicipio>0107</CodigoTributacaoMunicipio>
            <Discriminacao>Serviço de manutenção de sistemas</Discriminacao>
            <CodigoMunicipio>3550308</CodigoMunicipio>
          </Servico>
          <Prestador>
            <Cnpj>12345678000195</Cnpj>
            <InscricaoMunicipal>12345</InscricaoMunicipal>
          </Prestador>
          <Tomador>
            <IdentificacaoTomador>
              <CpfCnpj>
                <Cnpj>11222333000181</Cnpj>
              </CpfCnpj>
            </IdentificacaoTomador>
            <RazaoSocial>Empresa Tomadora</RazaoSocial>
            <Endereco>
              <Endereco>Rua Exemplo, 123</Endereco>
              <CodigoMunicipio>3550308</CodigoMunicipio>
              <Uf>SP</Uf>
              <Cep>01001000</Cep>
            </Endereco>
            <Contato>
              <Telefone>11999999999</Telefone>
              <Email>teste@cliente.com</Email>
            </Contato>
          </Tomador>
        </InfRps>
      </Rps>
    </ListaRps>
  </LoteRps>
</EnviarLoteRpsEnvio>
